// !$*UTF8*$!
{
	archiveVersion = 1;
	classes = {
	};
	objectVersion = 55;
	objects = {

/* Begin PBXBuildFile section */
		EFFCCC9527A087B700BF2901 /* AppDelegate.swift in Sources */ = {isa = PBXBuildFile; fileRef = EFFCCC9427A087B700BF2901 /* AppDelegate.swift */; };
		EFFCCC9727A087B700BF2901 /* SceneDelegate.swift in Sources */ = {isa = PBXBuildFile; fileRef = EFFCCC9627A087B700BF2901 /* SceneDelegate.swift */; };
		EFFCCC9927A087B700BF2901 /* ConversationsViewController.swift in Sources */ = {isa = PBXBuildFile; fileRef = EFFCCC9827A087B700BF2901 /* ConversationsViewController.swift */; };
		EFFCCC9C27A087B700BF2901 /* Main.storyboard in Resources */ = {isa = PBXBuildFile; fileRef = EFFCCC9A27A087B700BF2901 /* Main.storyboard */; };
		EFFCCC9E27A087B900BF2901 /* Assets.xcassets in Resources */ = {isa = PBXBuildFile; fileRef = EFFCCC9D27A087B900BF2901 /* Assets.xcassets */; };
		EFFCCCA127A087B900BF2901 /* LaunchScreen.storyboard in Resources */ = {isa = PBXBuildFile; fileRef = EFFCCC9F27A087B900BF2901 /* LaunchScreen.storyboard */; };
		EFFCCCAF27A089C900BF2901 /* LoginViewController.swift in Sources */ = {isa = PBXBuildFile; fileRef = EFFCCCAE27A089C900BF2901 /* LoginViewController.swift */; };
		EFFCCCB127A089DE00BF2901 /* RegisterViewController.swift in Sources */ = {isa = PBXBuildFile; fileRef = EFFCCCB027A089DE00BF2901 /* RegisterViewController.swift */; };
		EFFCCCB327A08A0900BF2901 /* PhotoViewerViewController.swift in Sources */ = {isa = PBXBuildFile; fileRef = EFFCCCB227A08A0900BF2901 /* PhotoViewerViewController.swift */; };
		EFFCCCB627A08A2600BF2901 /* VideoPlayerViewController.swift in Sources */ = {isa = PBXBuildFile; fileRef = EFFCCCB527A08A2600BF2901 /* VideoPlayerViewController.swift */; };
		EFFCCCB827A08A3C00BF2901 /* ProfileViewController.swift in Sources */ = {isa = PBXBuildFile; fileRef = EFFCCCB727A08A3C00BF2901 /* ProfileViewController.swift */; };
		EFFCCCBA27A08A5A00BF2901 /* NewConversationsViewController.swift in Sources */ = {isa = PBXBuildFile; fileRef = EFFCCCB927A08A5A00BF2901 /* NewConversationsViewController.swift */; };
/* End PBXBuildFile section */

/* Begin PBXFileReference section */
		EFFCCC9127A087B700BF2901 /* ChatApp.app */ = {isa = PBXFileReference; explicitFileType = wrapper.application; includeInIndex = 0; path = ChatApp.app; sourceTree = BUILT_PRODUCTS_DIR; };
		EFFCCC9427A087B700BF2901 /* AppDelegate.swift */ = {isa = PBXFileReference; lastKnownFileType = sourcecode.swift; path = AppDelegate.swift; sourceTree = "<group>"; };
		EFFCCC9627A087B700BF2901 /* SceneDelegate.swift */ = {isa = PBXFileReference; lastKnownFileType = sourcecode.swift; path = SceneDelegate.swift; sourceTree = "<group>"; };
		EFFCCC9827A087B700BF2901 /* ConversationsViewController.swift */ = {isa = PBXFileReference; lastKnownFileType = sourcecode.swift; path = ConversationsViewController.swift; sourceTree = "<group>"; };
		EFFCCC9B27A087B700BF2901 /* Base */ = {isa = PBXFileReference; lastKnownFileType = file.storyboard; name = Base; path = Base.lproj/Main.storyboard; sourceTree = "<group>"; };
		EFFCCC9D27A087B900BF2901 /* Assets.xcassets */ = {isa = PBXFileReference; lastKnownFileType = folder.assetcatalog; path = Assets.xcassets; sourceTree = "<group>"; };
		EFFCCCA027A087B900BF2901 /* Base */ = {isa = PBXFileReference; lastKnownFileType = file.storyboard; name = Base; path = Base.lproj/LaunchScreen.storyboard; sourceTree = "<group>"; };
		EFFCCCA227A087B900BF2901 /* Info.plist */ = {isa = PBXFileReference; lastKnownFileType = text.plist.xml; path = Info.plist; sourceTree = "<group>"; };
		EFFCCCAE27A089C900BF2901 /* LoginViewController.swift */ = {isa = PBXFileReference; lastKnownFileType = sourcecode.swift; path = LoginViewController.swift; sourceTree = "<group>"; };
		EFFCCCB027A089DE00BF2901 /* RegisterViewController.swift */ = {isa = PBXFileReference; lastKnownFileType = sourcecode.swift; path = RegisterViewController.swift; sourceTree = "<group>"; };
		EFFCCCB227A08A0900BF2901 /* PhotoViewerViewController.swift */ = {isa = PBXFileReference; lastKnownFileType = sourcecode.swift; path = PhotoViewerViewController.swift; sourceTree = "<group>"; };
		EFFCCCB527A08A2600BF2901 /* VideoPlayerViewController.swift */ = {isa = PBXFileReference; lastKnownFileType = sourcecode.swift; path = VideoPlayerViewController.swift; sourceTree = "<group>"; };
		EFFCCCB727A08A3C00BF2901 /* ProfileViewController.swift */ = {isa = PBXFileReference; lastKnownFileType = sourcecode.swift; path = ProfileViewController.swift; sourceTree = "<group>"; };
		EFFCCCB927A08A5A00BF2901 /* NewConversationsViewController.swift */ = {isa = PBXFileReference; lastKnownFileType = sourcecode.swift; path = NewConversationsViewController.swift; sourceTree = "<group>"; };
/* End PBXFileReference section */

/* Begin PBXFrameworksBuildPhase section */
		EFFCCC8E27A087B700BF2901 /* Frameworks */ = {
			isa = PBXFrameworksBuildPhase;
			buildActionMask = 2147483647;
			files = (
			);
			runOnlyForDeploymentPostprocessing = 0;
		};
/* End PBXFrameworksBuildPhase section */

/* Begin PBXGroup section */
		EFFCCC8827A087B700BF2901 = {
			isa = PBXGroup;
			children = (
				EFFCCC9327A087B700BF2901 /* ChatApp */,
				EFFCCC9227A087B700BF2901 /* Products */,
			);
			sourceTree = "<group>";
		};
		EFFCCC9227A087B700BF2901 /* Products */ = {
			isa = PBXGroup;
			children = (
				EFFCCC9127A087B700BF2901 /* ChatApp.app */,
			);
			name = Products;
			sourceTree = "<group>";
		};
		EFFCCC9327A087B700BF2901 /* ChatApp */ = {
			isa = PBXGroup;
			children = (
				EFFCCCAC27A0882A00BF2901 /* Resources */,
				EFFCCCAB27A0882000BF2901 /* Models */,
				EFFCCCAA27A0881800BF2901 /* ViewModels */,
				EFFCCCA927A0881000BF2901 /* Views */,
				EFFCCCA827A0880900BF2901 /* Controllers */,
				EFFCCCA227A087B900BF2901 /* Info.plist */,
			);
			path = ChatApp;
			sourceTree = "<group>";
		};
		EFFCCCA827A0880900BF2901 /* Controllers */ = {
			isa = PBXGroup;
			children = (
				EFFCCC9827A087B700BF2901 /* ConversationsViewController.swift */,
				EFFCCCAE27A089C900BF2901 /* LoginViewController.swift */,
				EFFCCCB027A089DE00BF2901 /* RegisterViewController.swift */,
				EFFCCCB227A08A0900BF2901 /* PhotoViewerViewController.swift */,
				EFFCCCB527A08A2600BF2901 /* VideoPlayerViewController.swift */,
				EFFCCCB727A08A3C00BF2901 /* ProfileViewController.swift */,
				EFFCCCB927A08A5A00BF2901 /* NewConversationsViewController.swift */,
			);
			path = Controllers;
			sourceTree = "<group>";
		};
		EFFCCCA927A0881000BF2901 /* Views */ = {
			isa = PBXGroup;
			children = (
				EFFCCCAD27A0886200BF2901 /* Storyboards */,
				EFFCCC9D27A087B900BF2901 /* Assets.xcassets */,
			);
			path = Views;
			sourceTree = "<group>";
		};
		EFFCCCAA27A0881800BF2901 /* ViewModels */ = {
			isa = PBXGroup;
			children = (
			);
			path = ViewModels;
			sourceTree = "<group>";
		};
		EFFCCCAB27A0882000BF2901 /* Models */ = {
			isa = PBXGroup;
			children = (
			);
			path = Models;
			sourceTree = "<group>";
		};
		EFFCCCAC27A0882A00BF2901 /* Resources */ = {
			isa = PBXGroup;
			children = (
				EFFCCC9427A087B700BF2901 /* AppDelegate.swift */,
				EFFCCC9627A087B700BF2901 /* SceneDelegate.swift */,
			);
			path = Resources;
			sourceTree = "<group>";
		};
		EFFCCCAD27A0886200BF2901 /* Storyboards */ = {
			isa = PBXGroup;
			children = (
				EFFCCC9A27A087B700BF2901 /* Main.storyboard */,
				EFFCCC9F27A087B900BF2901 /* LaunchScreen.storyboard */,
			);
			path = Storyboards;
			sourceTree = "<group>";
		};
/* End PBXGroup section */

/* Begin PBXNativeTarget section */
		EFFCCC9027A087B700BF2901 /* ChatApp */ = {
			isa = PBXNativeTarget;
			buildConfigurationList = EFFCCCA527A087B900BF2901 /* Build configuration list for PBXNativeTarget "ChatApp" */;
			buildPhases = (
				EFFCCC8D27A087B700BF2901 /* Sources */,
				EFFCCC8E27A087B700BF2901 /* Frameworks */,
				EFFCCC8F27A087B700BF2901 /* Resources */,
			);
			buildRules = (
			);
			dependencies = (
			);
			name = ChatApp;
			productName = ChatApp;
			productReference = EFFCCC9127A087B700BF2901 /* ChatApp.app */;
			productType = "com.apple.product-type.application";
		};
/* End PBXNativeTarget section */

/* Begin PBXProject section */
		EFFCCC8927A087B700BF2901 /* Project object */ = {
			isa = PBXProject;
			attributes = {
				BuildIndependentTargetsInParallel = 1;
				LastSwiftUpdateCheck = 1310;
				LastUpgradeCheck = 1310;
				TargetAttributes = {
					EFFCCC9027A087B700BF2901 = {
						CreatedOnToolsVersion = 13.1;
					};
				};
			};
			buildConfigurationList = EFFCCC8C27A087B700BF2901 /* Build configuration list for PBXProject "ChatApp" */;
			compatibilityVersion = "Xcode 13.0";
			developmentRegion = en;
			hasScannedForEncodings = 0;
			knownRegions = (
				en,
				Base,
			);
			mainGroup = EFFCCC8827A087B700BF2901;
			productRefGroup = EFFCCC9227A087B700BF2901 /* Products */;
			projectDirPath = "";
			projectRoot = "";
			targets = (
				EFFCCC9027A087B700BF2901 /* ChatApp */,
			);
		};
/* End PBXProject section */

/* Begin PBXResourcesBuildPhase section */
		EFFCCC8F27A087B700BF2901 /* Resources */ = {
			isa = PBXResourcesBuildPhase;
			buildActionMask = 2147483647;
			files = (
				EFFCCCA127A087B900BF2901 /* LaunchScreen.storyboard in Resources */,
				EFFCCC9E27A087B900BF2901 /* Assets.xcassets in Resources */,
				EFFCCC9C27A087B700BF2901 /* Main.storyboard in Resources */,
			);
			runOnlyForDeploymentPostprocessing = 0;
		};
/* End PBXResourcesBuildPhase section */

/* Begin PBXSourcesBuildPhase section */
		EFFCCC8D27A087B700BF2901 /* Sources */ = {
			isa = PBXSourcesBuildPhase;
			buildActionMask = 2147483647;
			files = (
				EFFCCCBA27A08A5A00BF2901 /* NewConversationsViewController.swift in Sources */,
				EFFCCCAF27A089C900BF2901 /* LoginViewController.swift in Sources */,
				EFFCCCB127A089DE00BF2901 /* RegisterViewController.swift in Sources */,
				EFFCCC9927A087B700BF2901 /* ConversationsViewController.swift in Sources */,
				EFFCCCB627A08A2600BF2901 /* VideoPlayerViewController.swift in Sources */,
				EFFCCC9527A087B700BF2901 /* AppDelegate.swift in Sources */,
				EFFCCC9727A087B700BF2901 /* SceneDelegate.swift in Sources */,
				EFFCCCB827A08A3C00BF2901 /* ProfileViewController.swift in Sources */,
				EFFCCCB327A08A0900BF2901 /* PhotoViewerViewController.swift in Sources */,
			);
			runOnlyForDeploymentPostprocessing = 0;
		};
/* End PBXSourcesBuildPhase section */

/* Begin PBXVariantGroup section */
		EFFCCC9A27A087B700BF2901 /* Main.storyboard */ = {
			isa = PBXVariantGroup;
			children = (
				EFFCCC9B27A087B700BF2901 /* Base */,
			);
			name = Main.storyboard;
			sourceTree = "<group>";
		};
		EFFCCC9F27A087B900BF2901 /* LaunchScreen.storyboard */ = {
			isa = PBXVariantGroup;
			children = (
				EFFCCCA027A087B900BF2901 /* Base */,
			);
			name = LaunchScreen.storyboard;
			sourceTree = "<group>";
		};
/* End PBXVariantGroup section */

/* Begin XCBuildConfiguration section */
		EFFCCCA327A087B900BF2901 /* Debug */ = {
			isa = XCBuildConfiguration;
			buildSettings = {
				ALWAYS_SEARCH_USER_PATHS = NO;
				CLANG_ANALYZER_NONNULL = YES;
				CLANG_ANALYZER_NUMBER_OBJECT_CONVERSION = YES_AGGRESSIVE;
				CLANG_CXX_LANGUAGE_STANDARD = "gnu++17";
				CLANG_CXX_LIBRARY = "libc++";
				CLANG_ENABLE_MODULES = YES;
				CLANG_ENABLE_OBJC_ARC = YES;
				CLANG_ENABLE_OBJC_WEAK = YES;
				CLANG_WARN_BLOCK_CAPTURE_AUTORELEASING = YES;
				CLANG_WARN_BOOL_CONVERSION = YES;
				CLANG_WARN_COMMA = YES;
				CLANG_WARN_CONSTANT_CONVERSION = YES;
				CLANG_WARN_DEPRECATED_OBJC_IMPLEMENTATIONS = YES;
				CLANG_WARN_DIRECT_OBJC_ISA_USAGE = YES_ERROR;
				CLANG_WARN_DOCUMENTATION_COMMENTS = YES;
				CLANG_WARN_EMPTY_BODY = YES;
				CLANG_WARN_ENUM_CONVERSION = YES;
				CLANG_WARN_INFINITE_RECURSION = YES;
				CLANG_WARN_INT_CONVERSION = YES;
				CLANG_WARN_NON_LITERAL_NULL_CONVERSION = YES;
				CLANG_WARN_OBJC_IMPLICIT_RETAIN_SELF = YES;
				CLANG_WARN_OBJC_LITERAL_CONVERSION = YES;
				CLANG_WARN_OBJC_ROOT_CLASS = YES_ERROR;
				CLANG_WARN_QUOTED_INCLUDE_IN_FRAMEWORK_HEADER = YES;
				CLANG_WARN_RANGE_LOOP_ANALYSIS = YES;
				CLANG_WARN_STRICT_PROTOTYPES = YES;
				CLANG_WARN_SUSPICIOUS_MOVE = YES;
				CLANG_WARN_UNGUARDED_AVAILABILITY = YES_AGGRESSIVE;
				CLANG_WARN_UNREACHABLE_CODE = YES;
				CLANG_WARN__DUPLICATE_METHOD_MATCH = YES;
				COPY_PHASE_STRIP = NO;
				DEBUG_INFORMATION_FORMAT = dwarf;
				ENABLE_STRICT_OBJC_MSGSEND = YES;
				ENABLE_TESTABILITY = YES;
				GCC_C_LANGUAGE_STANDARD = gnu11;
				GCC_DYNAMIC_NO_PIC = NO;
				GCC_NO_COMMON_BLOCKS = YES;
				GCC_OPTIMIZATION_LEVEL = 0;
				GCC_PREPROCESSOR_DEFINITIONS = (
					"DEBUG=1",
					"$(inherited)",
				);
				GCC_WARN_64_TO_32_BIT_CONVERSION = YES;
				GCC_WARN_ABOUT_RETURN_TYPE = YES_ERROR;
				GCC_WARN_UNDECLARED_SELECTOR = YES;
				GCC_WARN_UNINITIALIZED_AUTOS = YES_AGGRESSIVE;
				GCC_WARN_UNUSED_FUNCTION = YES;
				GCC_WARN_UNUSED_VARIABLE = YES;
				IPHONEOS_DEPLOYMENT_TARGET = 15.0;
				MTL_ENABLE_DEBUG_INFO = INCLUDE_SOURCE;
				MTL_FAST_MATH = YES;
				ONLY_ACTIVE_ARCH = YES;
				SDKROOT = iphoneos;
				SWIFT_ACTIVE_COMPILATION_CONDITIONS = DEBUG;
				SWIFT_OPTIMIZATION_LEVEL = "-Onone";
			};
			name = Debug;
		};
		EFFCCCA427A087B900BF2901 /* Release */ = {
			isa = XCBuildConfiguration;
			buildSettings = {
				ALWAYS_SEARCH_USER_PATHS = NO;
				CLANG_ANALYZER_NONNULL = YES;
				CLANG_ANALYZER_NUMBER_OBJECT_CONVERSION = YES_AGGRESSIVE;
				CLANG_CXX_LANGUAGE_STANDARD = "gnu++17";
				CLANG_CXX_LIBRARY = "libc++";
				CLANG_ENABLE_MODULES = YES;
				CLANG_ENABLE_OBJC_ARC = YES;
				CLANG_ENABLE_OBJC_WEAK = YES;
				CLANG_WARN_BLOCK_CAPTURE_AUTORELEASING = YES;
				CLANG_WARN_BOOL_CONVERSION = YES;
				CLANG_WARN_COMMA = YES;
				CLANG_WARN_CONSTANT_CONVERSION = YES;
				CLANG_WARN_DEPRECATED_OBJC_IMPLEMENTATIONS = YES;
				CLANG_WARN_DIRECT_OBJC_ISA_USAGE = YES_ERROR;
				CLANG_WARN_DOCUMENTATION_COMMENTS = YES;
				CLANG_WARN_EMPTY_BODY = YES;
				CLANG_WARN_ENUM_CONVERSION = YES;
				CLANG_WARN_INFINITE_RECURSION = YES;
				CLANG_WARN_INT_CONVERSION = YES;
				CLANG_WARN_NON_LITERAL_NULL_CONVERSION = YES;
				CLANG_WARN_OBJC_IMPLICIT_RETAIN_SELF = YES;
				CLANG_WARN_OBJC_LITERAL_CONVERSION = YES;
				CLANG_WARN_OBJC_ROOT_CLASS = YES_ERROR;
				CLANG_WARN_QUOTED_INCLUDE_IN_FRAMEWORK_HEADER = YES;
				CLANG_WARN_RANGE_LOOP_ANALYSIS = YES;
				CLANG_WARN_STRICT_PROTOTYPES = YES;
				CLANG_WARN_SUSPICIOUS_MOVE = YES;
				CLANG_WARN_UNGUARDED_AVAILABILITY = YES_AGGRESSIVE;
				CLANG_WARN_UNREACHABLE_CODE = YES;
				CLANG_WARN__DUPLICATE_METHOD_MATCH = YES;
				COPY_PHASE_STRIP = NO;
				DEBUG_INFORMATION_FORMAT = "dwarf-with-dsym";
				ENABLE_NS_ASSERTIONS = NO;
				ENABLE_STRICT_OBJC_MSGSEND = YES;
				GCC_C_LANGUAGE_STANDARD = gnu11;
				GCC_NO_COMMON_BLOCKS = YES;
				GCC_WARN_64_TO_32_BIT_CONVERSION = YES;
				GCC_WARN_ABOUT_RETURN_TYPE = YES_ERROR;
				GCC_WARN_UNDECLARED_SELECTOR = YES;
				GCC_WARN_UNINITIALIZED_AUTOS = YES_AGGRESSIVE;
				GCC_WARN_UNUSED_FUNCTION = YES;
				GCC_WARN_UNUSED_VARIABLE = YES;
				IPHONEOS_DEPLOYMENT_TARGET = 15.0;
				MTL_ENABLE_DEBUG_INFO = NO;
				MTL_FAST_MATH = YES;
				SDKROOT = iphoneos;
				SWIFT_COMPILATION_MODE = wholemodule;
				SWIFT_OPTIMIZATION_LEVEL = "-O";
				VALIDATE_PRODUCT = YES;
			};
			name = Release;
		};
		EFFCCCA627A087B900BF2901 /* Debug */ = {
			isa = XCBuildConfiguration;
			buildSettings = {
				ASSETCATALOG_COMPILER_APPICON_NAME = AppIcon;
				ASSETCATALOG_COMPILER_GLOBAL_ACCENT_COLOR_NAME = AccentColor;
				CODE_SIGN_STYLE = Automatic;
				CURRENT_PROJECT_VERSION = 1;
				DEVELOPMENT_TEAM = 46CM9XJTAY;
				GENERATE_INFOPLIST_FILE = YES;
				INFOPLIST_FILE = ChatApp/Info.plist;
				INFOPLIST_KEY_UIApplicationSupportsIndirectInputEvents = YES;
				INFOPLIST_KEY_UILaunchStoryboardName = LaunchScreen;
				INFOPLIST_KEY_UIMainStoryboardFile = Main;
				INFOPLIST_KEY_UISupportedInterfaceOrientations = UIInterfaceOrientationPortrait;
				INFOPLIST_KEY_UISupportedInterfaceOrientations_iPad = "UIInterfaceOrientationPortrait UIInterfaceOrientationPortraitUpsideDown UIInterfaceOrientationLandscapeLeft UIInterfaceOrientationLandscapeRight";
				INFOPLIST_KEY_UISupportedInterfaceOrientations_iPhone = "UIInterfaceOrientationPortrait UIInterfaceOrientationLandscapeLeft UIInterfaceOrientationLandscapeRight";
				IPHONEOS_DEPLOYMENT_TARGET = 13.0;
				LD_RUNPATH_SEARCH_PATHS = (
					"$(inherited)",
					"@executable_path/Frameworks",
				);
				MARKETING_VERSION = 1.0;
				PRODUCT_BUNDLE_IDENTIFIER = radikgazetdinov.ChatApp;
				PRODUCT_NAME = "$(TARGET_NAME)";
				SWIFT_EMIT_LOC_STRINGS = YES;
				SWIFT_VERSION = 5.0;
				TARGETED_DEVICE_FAMILY = "1,2";
			};
			name = Debug;
		};
		EFFCCCA727A087B900BF2901 /* Release */ = {
			isa = XCBuildConfiguration;
			buildSettings = {
				ASSETCATALOG_COMPILER_APPICON_NAME = AppIcon;
				ASSETCATALOG_COMPILER_GLOBAL_ACCENT_COLOR_NAME = AccentColor;
				CODE_SIGN_STYLE = Automatic;
				CURRENT_PROJECT_VERSION = 1;
				DEVELOPMENT_TEAM = 46CM9XJTAY;
				GENERATE_INFOPLIST_FILE = YES;
				INFOPLIST_FILE = ChatApp/Info.plist;
				INFOPLIST_KEY_UIApplicationSupportsIndirectInputEvents = YES;
				INFOPLIST_KEY_UILaunchStoryboardName = LaunchScreen;
				INFOPLIST_KEY_UIMainStoryboardFile = Main;
				INFOPLIST_KEY_UISupportedInterfaceOrientations = UIInterfaceOrientationPortrait;
				INFOPLIST_KEY_UISupportedInterfaceOrientations_iPad = "UIInterfaceOrientationPortrait UIInterfaceOrientationPortraitUpsideDown UIInterfaceOrientationLandscapeLeft UIInterfaceOrientationLandscapeRight";
				INFOPLIST_KEY_UISupportedInterfaceOrientations_iPhone = "UIInterfaceOrientationPortrait UIInterfaceOrientationLandscapeLeft UIInterfaceOrientationLandscapeRight";
				IPHONEOS_DEPLOYMENT_TARGET = 13.0;
				LD_RUNPATH_SEARCH_PATHS = (
					"$(inherited)",
					"@executable_path/Frameworks",
				);
				MARKETING_VERSION = 1.0;
				PRODUCT_BUNDLE_IDENTIFIER = radikgazetdinov.ChatApp;
				PRODUCT_NAME = "$(TARGET_NAME)";
				SWIFT_EMIT_LOC_STRINGS = YES;
				SWIFT_VERSION = 5.0;
				TARGETED_DEVICE_FAMILY = "1,2";
			};
			name = Release;
		};
/* End XCBuildConfiguration section */

/* Begin XCConfigurationList section */
		EFFCCC8C27A087B700BF2901 /* Build configuration list for PBXProject "ChatApp" */ = {
			isa = XCConfigurationList;
			buildConfigurations = (
				EFFCCCA327A087B900BF2901 /* Debug */,
				EFFCCCA427A087B900BF2901 /* Release */,
			);
			defaultConfigurationIsVisible = 0;
			defaultConfigurationName = Release;
		};
		EFFCCCA527A087B900BF2901 /* Build configuration list for PBXNativeTarget "ChatApp" */ = {
			isa = XCConfigurationList;
			buildConfigurations = (
				EFFCCCA627A087B900BF2901 /* Debug */,
				EFFCCCA727A087B900BF2901 /* Release */,
			);
			defaultConfigurationIsVisible = 0;
			defaultConfigurationName = Release;
		};
/* End XCConfigurationList section */
	};
	rootObject = EFFCCC8927A087B700BF2901 /* Project object */;
}
